{
  "lockfileVersion": 1,
  "configVersion": 1,
  "workspaces": {
    "": {
      "name": "eatlas",
      "devDependencies": {
        "autoprefixer": "latest",
        "browserslist": "latest",
        "browserslist-to-esbuild": "latest",
        "cssnano": "latest",
        "esbuild": "latest",
        "postcss": "latest",
      },
    },
  },
  "packages": {
    "@colordx/core": ["@colordx/core@5.4.3", "", {}, "sha512-kIxYSfA5T8HXjav55UaaH/o/cKivF6jCCGIb8eqtcsfI46wsvlSiT8jMDyrl779qLec3c2c2oHBZo4oAhvbjrQ=="],

    "@esbuild/aix-ppc64": ["@esbuild/aix-ppc64@0.28.0", "", { "os": "aix", "cpu": "ppc64" }, "sha512-lhRUCeuOyJQURhTxl4WkpFTjIsbDayJHih5kZC1giwE+MhIzAb7mEsQMqMf18rHLsrb5qI1tafG20mLxEWcWlA=="],

    "@esbuild/android-arm": ["@esbuild/android-arm@0.28.0", "", { "os": "android", "cpu": "arm" }, "sha512-wqh0ByljabXLKHeWXYLqoJ5jKC4XBaw6Hk08OfMrCRd2nP2ZQ5eleDZC41XHyCNgktBGYMbqnrJKq/K/lzPMSQ=="],

    "@esbuild/android-arm64": ["@esbuild/android-arm64@0.28.0", "", { "os": "android", "cpu": "arm64" }, "sha512-+WzIXQOSaGs33tLEgYPYe/yQHf0WTU0X42Jca3y8NWMbUVhp7rUnw+vAsRC/QiDrdD31IszMrZy+qwPOPjd+rw=="],

    "@esbuild/android-x64": ["@esbuild/android-x64@0.28.0", "", { "os": "android", "cpu": "x64" }, "sha512-+VJggoaKhk2VNNqVL7f6S189UzShHC/mR9EE8rDdSkdpN0KflSwWY/gWjDrNxxisg8Fp1ZCD9jLMo4m0OUfeUA=="],

    "@esbuild/darwin-arm64": ["@esbuild/darwin-arm64@0.28.0", "", { "os": "darwin", "cpu": "arm64" }, "sha512-0T+A9WZm+bZ84nZBtk1ckYsOvyA3x7e2Acj1KdVfV4/2tdG4fzUp91YHx+GArWLtwqp77pBXVCPn2We7Letr0Q=="],

    "@esbuild/darwin-x64": ["@esbuild/darwin-x64@0.28.0", "", { "os": "darwin", "cpu": "x64" }, "sha512-fyzLm/DLDl/84OCfp2f/XQ4flmORsjU7VKt8HLjvIXChJoFFOIL6pLJPH4Yhd1n1gGFF9mPwtlN5Wf82DZs+LQ=="],

    "@esbuild/freebsd-arm64": ["@esbuild/freebsd-arm64@0.28.0", "", { "os": "freebsd", "cpu": "arm64" }, "sha512-l9GeW5UZBT9k9brBYI+0WDffcRxgHQD8ShN2Ur4xWq/NFzUKm3k5lsH4PdaRgb2w7mI9u61nr2gI2mLI27Nh3Q=="],

    "@esbuild/freebsd-x64": ["@esbuild/freebsd-x64@0.28.0", "", { "os": "freebsd", "cpu": "x64" }, "sha512-BXoQai/A0wPO6Es3yFJ7APCiKGc1tdAEOgeTNy3SsB491S3aHn4S4r3e976eUnPdU+NbdtmBuLncYir2tMU9Nw=="],

    "@esbuild/linux-arm": ["@esbuild/linux-arm@0.28.0", "", { "os": "linux", "cpu": "arm" }, "sha512-CjaaREJagqJp7iTaNQjjidaNbCKYcd4IDkzbwwxtSvjI7NZm79qiHc8HqciMddQ6CKvJT6aBd8lO9kN/ZudLlw=="],

    "@esbuild/linux-arm64": ["@esbuild/linux-arm64@0.28.0", "", { "os": "linux", "cpu": "arm64" }, "sha512-RVyzfb3FWsGA55n6WY0MEIEPURL1FcbhFE6BffZEMEekfCzCIMtB5yyDcFnVbTnwk+CLAgTujmV/Lgvih56W+A=="],

    "@esbuild/linux-ia32": ["@esbuild/linux-ia32@0.28.0", "", { "os": "linux", "cpu": "ia32" }, "sha512-KBnSTt1kxl9x70q+ydterVdl+Cn0H18ngRMRCEQfrbqdUuntQQ0LoMZv47uB97NljZFzY6HcfqEZ2SAyIUTQBQ=="],

    "@esbuild/linux-loong64": ["@esbuild/linux-loong64@0.28.0", "", { "os": "linux", "cpu": "none" }, "sha512-zpSlUce1mnxzgBADvxKXX5sl8aYQHo2ezvMNI8I0lbblJtp8V4odlm3Yzlj7gPyt3T8ReksE6bK+pT3WD+aJRg=="],

    "@esbuild/linux-mips64el": ["@esbuild/linux-mips64el@0.28.0", "", { "os": "linux", "cpu": "none" }, "sha512-2jIfP6mmjkdmeTlsX/9vmdmhBmKADrWqN7zcdtHIeNSCH1SqIoNI63cYsjQR8J+wGa4Y5izRcSHSm8K3QWmk3w=="],

    "@esbuild/linux-ppc64": ["@esbuild/linux-ppc64@0.28.0", "", { "os": "linux", "cpu": "ppc64" }, "sha512-bc0FE9wWeC0WBm49IQMPSPILRocGTQt3j5KPCA8os6VprfuJ7KD+5PzESSrJ6GmPIPJK965ZJHTUlSA6GNYEhg=="],

    "@esbuild/linux-riscv64": ["@esbuild/linux-riscv64@0.28.0", "", { "os": "linux", "cpu": "none" }, "sha512-SQPZOwoTTT/HXFXQJG/vBX8sOFagGqvZyXcgLA3NhIqcBv1BJU1d46c0rGcrij2B56Z2rNiSLaZOYW5cUk7yLQ=="],

    "@esbuild/linux-s390x": ["@esbuild/linux-s390x@0.28.0", "", { "os": "linux", "cpu": "s390x" }, "sha512-SCfR0HN8CEEjnYnySJTd2cw0k9OHB/YFzt5zgJEwa+wL/T/raGWYMBqwDNAC6dqFKmJYZoQBRfHjgwLHGSrn3Q=="],

    "@esbuild/linux-x64": ["@esbuild/linux-x64@0.28.0", "", { "os": "linux", "cpu": "x64" }, "sha512-us0dSb9iFxIi8srnpl931Nvs65it/Jd2a2K3qs7fz2WfGPHqzfzZTfec7oxZJRNPXPnNYZtanmRc4AL/JwVzHQ=="],

    "@esbuild/netbsd-arm64": ["@esbuild/netbsd-arm64@0.28.0", "", { "os": "none", "cpu": "arm64" }, "sha512-CR/RYotgtCKwtftMwJlUU7xCVNg3lMYZ0RzTmAHSfLCXw3NtZtNpswLEj/Kkf6kEL3Gw+BpOekRX0BYCtklhUw=="],

    "@esbuild/netbsd-x64": ["@esbuild/netbsd-x64@0.28.0", "", { "os": "none", "cpu": "x64" }, "sha512-nU1yhmYutL+fQ71Kxnhg8uEOdC0pwEW9entHykTgEbna2pw2dkbFSMeqjjyHZoCmt8SBkOSvV+yNmm94aUrrqw=="],

    "@esbuild/openbsd-arm64": ["@esbuild/openbsd-arm64@0.28.0", "", { "os": "openbsd", "cpu": "arm64" }, "sha512-cXb5vApOsRsxsEl4mcZ1XY3D4DzcoMxR/nnc4IyqYs0rTI8ZKmW6kyyg+11Z8yvgMfAEldKzP7AdP64HnSC/6g=="],

    "@esbuild/openbsd-x64": ["@esbuild/openbsd-x64@0.28.0", "", { "os": "openbsd", "cpu": "x64" }, "sha512-8wZM2qqtv9UP3mzy7HiGYNH/zjTA355mpeuA+859TyR+e+Tc08IHYpLJuMsfpDJwoLo1ikIJI8jC3GFjnRClzA=="],

    "@esbuild/openharmony-arm64": ["@esbuild/openharmony-arm64@0.28.0", "", { "os": "none", "cpu": "arm64" }, "sha512-FLGfyizszcef5C3YtoyQDACyg95+dndv79i2EekILBofh5wpCa1KuBqOWKrEHZg3zrL3t5ouE5jgr94vA+Wb2w=="],

    "@esbuild/sunos-x64": ["@esbuild/sunos-x64@0.28.0", "", { "os": "sunos", "cpu": "x64" }, "sha512-1ZgjUoEdHZZl/YlV76TSCz9Hqj9h9YmMGAgAPYd+q4SicWNX3G5GCyx9uhQWSLcbvPW8Ni7lj4gDa1T40akdlw=="],

    "@esbuild/win32-arm64": ["@esbuild/win32-arm64@0.28.0", "", { "os": "win32", "cpu": "arm64" }, "sha512-Q9StnDmQ/enxnpxCCLSg0oo4+34B9TdXpuyPeTedN/6+iXBJ4J+zwfQI28u/Jl40nOYAxGoNi7mFP40RUtkmUA=="],

    "@esbuild/win32-ia32": ["@esbuild/win32-ia32@0.28.0", "", { "os": "win32", "cpu": "ia32" }, "sha512-zF3ag/gfiCe6U2iczcRzSYJKH1DCI+ByzSENHlM2FcDbEeo5Zd2C86Aq0tKUYAJJ1obRP84ymxIAksZUcdztHA=="],

    "@esbuild/win32-x64": ["@esbuild/win32-x64@0.28.0", "", { "os": "win32", "cpu": "x64" }, "sha512-pEl1bO9mfAmIC+tW5btTmrKaujg3zGtUmWNdCw/xs70FBjwAL3o9OEKNHvNmnyylD6ubxUERiEhdsL0xBQ9efw=="],

    "autoprefixer": ["autoprefixer@10.5.0", "", { "dependencies": { "browserslist": "^4.28.2", "caniuse-lite": "^1.0.30001787", "fraction.js": "^5.3.4", "picocolors": "^1.1.1", "postcss-value-parser": "^4.2.0" }, "peerDependencies": { "postcss": "^8.1.0" }, "bin": { "autoprefixer": "bin/autoprefixer" } }, "sha512-FMhOoZV4+qR6aTUALKX2rEqGG+oyATvwBt9IIzVR5rMa2HRWPkxf+P+PAJLD1I/H5/II+HuZcBJYEFBpq39ong=="],

    "baseline-browser-mapping": ["baseline-browser-mapping@2.10.24", "", { "bin": { "baseline-browser-mapping": "dist/cli.cjs" } }, "sha512-I2NkZOOrj2XuguvWCK6OVh9GavsNjZjK908Rq3mIBK25+GD8vPX5w2WdxVqnQ7xx3SrZJiCiZFu+/Oz50oSYSA=="],

    "boolbase": ["boolbase@1.0.0", "", {}, "sha512-JZOSA7Mo9sNGB8+UjSgzdLtokWAky1zbztM3WRLCbZ70/3cTANmQmOdR7y2g+J0e2WXywy1yS468tY+IruqEww=="],

    "browserslist": ["browserslist@4.28.2", "", { "dependencies": { "baseline-browser-mapping": "^2.10.12", "caniuse-lite": "^1.0.30001782", "electron-to-chromium": "^1.5.328", "node-releases": "^2.0.36", "update-browserslist-db": "^1.2.3" }, "bin": { "browserslist": "cli.js" } }, "sha512-48xSriZYYg+8qXna9kwqjIVzuQxi+KYWp2+5nCYnYKPTr0LvD89Jqk2Or5ogxz0NUMfIjhh2lIUX/LyX9B4oIg=="],

    "browserslist-to-esbuild": ["browserslist-to-esbuild@2.1.1", "", { "dependencies": { "meow": "^13.0.0" }, "peerDependencies": { "browserslist": "*" }, "bin": { "browserslist-to-esbuild": "cli/index.js" } }, "sha512-KN+mty6C3e9AN8Z5dI1xeN15ExcRNeISoC3g7V0Kax/MMF9MSoYA2G7lkTTcVUFntiEjkpI0HNgqJC1NjdyNUw=="],

    "caniuse-api": ["caniuse-api@3.0.0", "", { "dependencies": { "browserslist": "^4.0.0", "caniuse-lite": "^1.0.0", "lodash.memoize": "^4.1.2", "lodash.uniq": "^4.5.0" } }, "sha512-bsTwuIg/BZZK/vreVTYYbSWoe2F+71P7K5QGEX+pT250DZbfU1MQ5prOKpPR+LL6uWKK3KMwMCAS74QB3Um1uw=="],

    "caniuse-lite": ["caniuse-lite@1.0.30001791", "", {}, "sha512-yk0l/YSrOnFZk3UROpDLQD9+kC1l4meK/wed583AXrzoarMGJcbRi2Q4RaUYbKxYAsZ8sWmaSa/DsLmdBeI1vQ=="],

    "commander": ["commander@11.1.0", "", {}, "sha512-yPVavfyCcRhmorC7rWlkHn15b4wDVgVmBA7kV4QVBsF7kv/9TKJAbAXVTxvTnwP8HHKjRCJDClKbciiYS7p0DQ=="],

    "css-declaration-sorter": ["css-declaration-sorter@7.3.1", "", { "peerDependencies": { "postcss": "^8.0.9" } }, "sha512-gz6x+KkgNCjxq3Var03pRYLhyNfwhkKF1g/yoLgDNtFvVu0/fOLV9C8fFEZRjACp/XQLumjAYo7JVjzH3wLbxA=="],

    "css-select": ["css-select@5.2.2", "", { "dependencies": { "boolbase": "^1.0.0", "css-what": "^6.1.0", "domhandler": "^5.0.2", "domutils": "^3.0.1", "nth-check": "^2.0.1" } }, "sha512-TizTzUddG/xYLA3NXodFM0fSbNizXjOKhqiQQwvhlspadZokn1KDy0NZFS0wuEubIYAV5/c1/lAr0TaaFXEXzw=="],

    "css-tree": ["css-tree@3.1.0", "", { "dependencies": { "mdn-data": "2.12.2", "source-map-js": "^1.0.1" } }, "sha512-0eW44TGN5SQXU1mWSkKwFstI/22X2bG1nYzZTYMAWjylYURhse752YgbE4Cx46AC+bAvI+/dYTPRk1LqSUnu6w=="],

    "css-what": ["css-what@6.2.2", "", {}, "sha512-u/O3vwbptzhMs3L1fQE82ZSLHQQfto5gyZzwteVIEyeaY5Fc7R4dapF/BvRoSYFeqfBk4m0V1Vafq5Pjv25wvA=="],

    "cssesc": ["cssesc@3.0.0", "", { "bin": { "cssesc": "bin/cssesc" } }, "sha512-/Tb/JcjK111nNScGob5MNtsntNM1aCNUDipB/TkwZFhyDrrE47SOx/18wF2bbjgc3ZzCSKW1T5nt5EbFoAz/Vg=="],

    "cssnano": ["cssnano@7.1.7", "", { "dependencies": { "cssnano-preset-default": "^7.0.15", "lilconfig": "^3.1.3" }, "peerDependencies": { "postcss": "^8.5.10" } }, "sha512-N5LGn/OlhMxDTvKACwUPMzT34SSj1b022pvUAE/Vh6r2WD1aUCbc+QNIP/JjX9VVxebdJWZQ3352Lt4oF7dQ/g=="],

    "cssnano-preset-default": ["cssnano-preset-default@7.0.15", "", { "dependencies": { "browserslist": "^4.28.2", "css-declaration-sorter": "^7.2.0", "cssnano-utils": "^5.0.2", "postcss-calc": "^10.1.1", "postcss-colormin": "^7.0.9", "postcss-convert-values": "^7.0.11", "postcss-discard-comments": "^7.0.7", "postcss-discard-duplicates": "^7.0.3", "postcss-discard-empty": "^7.0.2", "postcss-discard-overridden": "^7.0.2", "postcss-merge-longhand": "^7.0.6", "postcss-merge-rules": "^7.0.10", "postcss-minify-font-values": "^7.0.2", "postcss-minify-gradients": "^7.0.4", "postcss-minify-params": "^7.0.8", "postcss-minify-selectors": "^7.1.0", "postcss-normalize-charset": "^7.0.2", "postcss-normalize-display-values": "^7.0.2", "postcss-normalize-positions": "^7.0.3", "postcss-normalize-repeat-style": "^7.0.3", "postcss-normalize-string": "^7.0.2", "postcss-normalize-timing-functions": "^7.0.2", "postcss-normalize-unicode": "^7.0.8", "postcss-normalize-url": "^7.0.2", "postcss-normalize-whitespace": "^7.0.2", "postcss-ordered-values": "^7.0.3", "postcss-reduce-initial": "^7.0.8", "postcss-reduce-transforms": "^7.0.2", "postcss-svgo": "^7.1.2", "postcss-unique-selectors": "^7.0.6" }, "peerDependencies": { "postcss": "^8.5.10" } }, "sha512-60kx7lJ40//HA85cIfQXSOJFby2D2V1pOMNHVCxue3KFWCjRzmiQyL9OvI+NAhwUlaojOfF9eK3nGvrJLCBUfQ=="],

    "cssnano-utils": ["cssnano-utils@5.0.2", "", { "peerDependencies": { "postcss": "^8.5.10" } }, "sha512-kt41WLK7FLKfePzPi645Y+/NtW/nNM7Su6nlNUfJyRNW3JcuU3JU7+cWJc+JexTeZ8dRBvFufefdG2XpXkIo0A=="],

    "csso": ["csso@5.0.5", "", { "dependencies": { "css-tree": "~2.2.0" } }, "sha512-0LrrStPOdJj+SPCCrGhzryycLjwcgUSHBtxNA8aIDxf0GLsRh1cKYhB00Gd1lDOS4yGH69+SNn13+TWbVHETFQ=="],

    "dom-serializer": ["dom-serializer@2.0.0", "", { "dependencies": { "domelementtype": "^2.3.0", "domhandler": "^5.0.2", "entities": "^4.2.0" } }, "sha512-wIkAryiqt/nV5EQKqQpo3SToSOV9J0DnbJqwK7Wv/Trc92zIAYZ4FlMu+JPFW1DfGFt81ZTCGgDEabffXeLyJg=="],

    "domelementtype": ["domelementtype@2.3.0", "", {}, "sha512-OLETBj6w0OsagBwdXnPdN0cnMfF9opN69co+7ZrbfPGrdpPVNBUj02spi6B1N7wChLQiPn4CSH/zJvXw56gmHw=="],

    "domhandler": ["domhandler@5.0.3", "", { "dependencies": { "domelementtype": "^2.3.0" } }, "sha512-cgwlv/1iFQiFnU96XXgROh8xTeetsnJiDsTc7TYCLFd9+/WNkIqPTxiM/8pSd8VIrhXGTf1Ny1q1hquVqDJB5w=="],

    "domutils": ["domutils@3.2.2", "", { "dependencies": { "dom-serializer": "^2.0.0", "domelementtype": "^2.3.0", "domhandler": "^5.0.3" } }, "sha512-6kZKyUajlDuqlHKVX1w7gyslj9MPIXzIFiz/rGu35uC1wMi+kMhQwGhl4lt9unC9Vb9INnY9Z3/ZA3+FhASLaw=="],

    "electron-to-chromium": ["electron-to-chromium@1.5.348", "", {}, "sha512-QC2X59nRlycQQMc4ZXjSVBX+tSgJfgRtcrYHbIZLgOV2dCvefoQGegLR7lLXKgpPpSuVmJU19LMzGrSa2C7k3Q=="],

    "entities": ["entities@4.5.0", "", {}, "sha512-V0hjH4dGPh9Ao5p0MoRY6BVqtwCjhz6vI5LT8AJ55H+4g9/4vbHx1I54fS0XuclLhDHArPQCiMjDxjaL8fPxhw=="],

    "esbuild": ["esbuild@0.28.0", "", { "optionalDependencies": { "@esbuild/aix-ppc64": "0.28.0", "@esbuild/android-arm": "0.28.0", "@esbuild/android-arm64": "0.28.0", "@esbuild/android-x64": "0.28.0", "@esbuild/darwin-arm64": "0.28.0", "@esbuild/darwin-x64": "0.28.0", "@esbuild/freebsd-arm64": "0.28.0", "@esbuild/freebsd-x64": "0.28.0", "@esbuild/linux-arm": "0.28.0", "@esbuild/linux-arm64": "0.28.0", "@esbuild/linux-ia32": "0.28.0", "@esbuild/linux-loong64": "0.28.0", "@esbuild/linux-mips64el": "0.28.0", "@esbuild/linux-ppc64": "0.28.0", "@esbuild/linux-riscv64": "0.28.0", "@esbuild/linux-s390x": "0.28.0", "@esbuild/linux-x64": "0.28.0", "@esbuild/netbsd-arm64": "0.28.0", "@esbuild/netbsd-x64": "0.28.0", "@esbuild/openbsd-arm64": "0.28.0", "@esbuild/openbsd-x64": "0.28.0", "@esbuild/openharmony-arm64": "0.28.0", "@esbuild/sunos-x64": "0.28.0", "@esbuild/win32-arm64": "0.28.0", "@esbuild/win32-ia32": "0.28.0", "@esbuild/win32-x64": "0.28.0" }, "bin": { "esbuild": "bin/esbuild" } }, "sha512-sNR9MHpXSUV/XB4zmsFKN+QgVG82Cc7+/aaxJ8Adi8hyOac+EXptIp45QBPaVyX3N70664wRbTcLTOemCAnyqw=="],

    "escalade": ["escalade@3.2.0", "", {}, "sha512-WUj2qlxaQtO4g6Pq5c29GTcWGDyd8itL8zTlipgECz3JesAiiOKotd8JU6otB3PACgG6xkJUyVhboMS+bje/jA=="],

    "fraction.js": ["fraction.js@5.3.4", "", {}, "sha512-1X1NTtiJphryn/uLQz3whtY6jK3fTqoE3ohKs0tT+Ujr1W59oopxmoEh7Lu5p6vBaPbgoM0bzveAW4Qi5RyWDQ=="],

    "lilconfig": ["lilconfig@3.1.3", "", {}, "sha512-/vlFKAoH5Cgt3Ie+JLhRbwOsCQePABiU3tJ1egGvyQ+33R/vcwM2Zl2QR/LzjsBeItPt3oSVXapn+m4nQDvpzw=="],

    "lodash.memoize": ["lodash.memoize@4.1.2", "", {}, "sha512-t7j+NzmgnQzTAYXcsHYLgimltOV1MXHtlOWf6GjL9Kj8GK5FInw5JotxvbOs+IvV1/Dzo04/fCGfLVs7aXb4Ag=="],

    "lodash.uniq": ["lodash.uniq@4.5.0", "", {}, "sha512-xfBaXQd9ryd9dlSDvnvI0lvxfLJlYAZzXomUYzLKtUeOQvOP5piqAWuGtrhWeqaXK9hhoM/iyJc5AV+XfsX3HQ=="],

    "mdn-data": ["mdn-data@2.12.2", "", {}, "sha512-IEn+pegP1aManZuckezWCO+XZQDplx1366JoVhTpMpBB1sPey/SbveZQUosKiKiGYjg1wH4pMlNgXbCiYgihQA=="],

    "meow": ["meow@13.2.0", "", {}, "sha512-pxQJQzB6djGPXh08dacEloMFopsOqGVRKFPYvPOt9XDZ1HasbgDZA74CJGreSU4G3Ak7EFJGoiH2auq+yXISgA=="],

    "nanoid": ["nanoid@3.3.11", "", { "bin": { "nanoid": "bin/nanoid.cjs" } }, "sha512-N8SpfPUnUp1bK+PMYW8qSWdl9U+wwNWI4QKxOYDy9JAro3WMX7p2OeVRF9v+347pnakNevPmiHhNmZ2HbFA76w=="],

    "node-releases": ["node-releases@2.0.38", "", {}, "sha512-3qT/88Y3FbH/Kx4szpQQ4HzUbVrHPKTLVpVocKiLfoYvw9XSGOX2FmD2d6DrXbVYyAQTF2HeF6My8jmzx7/CRw=="],

    "nth-check": ["nth-check@2.1.1", "", { "dependencies": { "boolbase": "^1.0.0" } }, "sha512-lqjrjmaOoAnWfMmBPL+XNnynZh2+swxiX3WUE0s4yEHI6m+AwrK2UZOimIRl3X/4QctVqS8AiZjFqyOGrMXb/w=="],

    "picocolors": ["picocolors@1.1.1", "", {}, "sha512-xceH2snhtb5M9liqDsmEw56le376mTZkEX/jEb/RxNFyegNul7eNslCXP9FDj/Lcu0X8KEyMceP2ntpaHrDEVA=="],

    "postcss": ["postcss@8.5.13", "", { "dependencies": { "nanoid": "^3.3.11", "picocolors": "^1.1.1", "source-map-js": "^1.2.1" } }, "sha512-qif0+jGGZoLWdHey3UFHHWP0H7Gbmsk8T5VEqyYFbWqPr1XqvLGBbk/sl8V5exGmcYJklJOhOQq1pV9IcsiFag=="],

    "postcss-calc": ["postcss-calc@10.1.1", "", { "dependencies": { "postcss-selector-parser": "^7.0.0", "postcss-value-parser": "^4.2.0" }, "peerDependencies": { "postcss": "^8.4.38" } }, "sha512-NYEsLHh8DgG/PRH2+G9BTuUdtf9ViS+vdoQ0YA5OQdGsfN4ztiwtDWNtBl9EKeqNMFnIu8IKZ0cLxEQ5r5KVMw=="],

    "postcss-colormin": ["postcss-colormin@7.0.9", "", { "dependencies": { "@colordx/core": "^5.2.0", "browserslist": "^4.28.2", "caniuse-api": "^3.0.0", "postcss-value-parser": "^4.2.0" }, "peerDependencies": { "postcss": "^8.5.10" } }, "sha512-EZpoUlmbXQUpe+g4ZaGM2kjGlHrQ7Bjzb3xHcNrC9ysI1tGoib6DAYvxg6aB7MGxsjgLF+Qx/jwZQkJ5cKDvXA=="],

    "postcss-convert-values": ["postcss-convert-values@7.0.11", "", { "dependencies": { "browserslist": "^4.28.2", "postcss-value-parser": "^4.2.0" }, "peerDependencies": { "postcss": "^8.5.10" } }, "sha512-H+s7P0f9jJylSysAHs3/5MhAx7GthDO05uw1h56L2xyEqpiLTFLEqBNw3PUYzD5p/AKwWaigCXf6FGELpOw9lw=="],

    "postcss-discard-comments": ["postcss-discard-comments@7.0.7", "", { "dependencies": { "postcss-selector-parser": "^7.1.1" }, "peerDependencies": { "postcss": "^8.5.10" } }, "sha512-FJhE3fSte7HaRNL4iwD8LTG9vWqj3puxXIdig6LfrFqc1TJRUhY4kXOkeTXZZfTXYny+k+SO7fd2fymj1wduJg=="],

    "postcss-discard-duplicates": ["postcss-discard-duplicates@7.0.3", "", { "peerDependencies": { "postcss": "^8.5.10" } }, "sha512-9cRxXwhEM/aNZon1qZyToX4NmjbFbxOGbww+0CnbYFDbbPRGZ8jg4IbM8UlA+CzkXxM35itxyaHKNqBBg/RTDg=="],

    "postcss-discard-empty": ["postcss-discard-empty@7.0.2", "", { "peerDependencies": { "postcss": "^8.5.10" } }, "sha512-NZFouOmOwtngJVgkNeI1LtkzFdYqIurxgy4wq3qNvIiXFURTZ3b/K7q3dP3QitlWQ5imHDQL0qSorItQhoxb1g=="],

    "postcss-discard-overridden": ["postcss-discard-overridden@7.0.2", "", { "peerDependencies": { "postcss": "^8.5.10" } }, "sha512-Ym01X4v6U3sY8X0P1J9P+RTar+7JyLTOzDrxKSeaArFsLmkVu4KcAKPBWDYRIyZ/q4jwpSPnOnekeSSqXSXKUw=="],

    "postcss-merge-longhand": ["postcss-merge-longhand@7.0.6", "", { "dependencies": { "postcss-value-parser": "^4.2.0", "stylehacks": "^7.0.10" }, "peerDependencies": { "postcss": "^8.5.10" } }, "sha512-lDsWeKRsssX/9vKFpingoRiuvGajtOGCJhs1kyaTJ5fzaVzs0aPPYe38UZ/ukMFEA5iuRIjQJHIkH2niYO3ubQ=="],

    "postcss-merge-rules": ["postcss-merge-rules@7.0.10", "", { "dependencies": { "browserslist": "^4.28.2", "caniuse-api": "^3.0.0", "cssnano-utils": "^5.0.2", "postcss-selector-parser": "^7.1.1" }, "peerDependencies": { "postcss": "^8.5.10" } }, "sha512-UXYKxkg8Cy1so/evF7AE/25PNXZb3E0SrvjdbtbGf+MW+doLenKqRLQzz6YZW469ktiXK2MVLFWtel/DftCV0Q=="],

    "postcss-minify-font-values": ["postcss-minify-font-values@7.0.2", "", { "dependencies": { "postcss-value-parser": "^4.2.0" }, "peerDependencies": { "postcss": "^8.5.10" } }, "sha512-Z82NUmnvhPrvMUaHfkaAVBmWQq9F8Dox4Dy0LiwbaTxfmDUWLQtS+0WCgKViwdWCPPajiY9YzoQftgqKdXkM5g=="],

    "postcss-minify-gradients": ["postcss-minify-gradients@7.0.4", "", { "dependencies": { "@colordx/core": "^5.2.0", "cssnano-utils": "^5.0.2", "postcss-value-parser": "^4.2.0" }, "peerDependencies": { "postcss": "^8.5.10" } }, "sha512-g8MNeNyN+lbwKy8DCtJ6zU6awBL0InBsSOaKmgZ1MdRLVItLQUNFNAzzzBnOp4qowOcyyB6GetTlQ0/0UNXvag=="],

    "postcss-minify-params": ["postcss-minify-params@7.0.8", "", { "dependencies": { "browserslist": "^4.28.2", "cssnano-utils": "^5.0.2", "postcss-value-parser": "^4.2.0" }, "peerDependencies": { "postcss": "^8.5.10" } }, "sha512-DIUKM5DZGTmxN7KFKT+rxt0FdPDmRrdK/k3n3+6Po+N/QYn06juwagHcfOVBG0CfCHwcnI612GAUCZc3eT+ZEg=="],

    "postcss-minify-selectors": ["postcss-minify-selectors@7.1.0", "", { "dependencies": { "browserslist": "^4.28.1", "caniuse-api": "^3.0.0", "cssesc": "^3.0.0", "postcss-selector-parser": "^7.1.1" }, "peerDependencies": { "postcss": "^8.5.10" } }, "sha512-HYl/6I0aL+UvpA10t65BSa7h+tVjBgE6oRI5N/3ylX3vtwvlDL67G3FT3vYDPnTksxr0riiyJcT0tBtyRVoloA=="],

    "postcss-normalize-charset": ["postcss-normalize-charset@7.0.2", "", { "peerDependencies": { "postcss": "^8.5.10" } }, "sha512-YoINoiR4YKlzfB95Y93b0DSxWy7FLw+1SADIaznMHb88AKizpzfF80tolmiDEbYr1UM4r4Hw+NZq37SwT5f3uw=="],

    "postcss-normalize-display-values": ["postcss-normalize-display-values@7.0.2", "", { "dependencies": { "postcss-value-parser": "^4.2.0" }, "peerDependencies": { "postcss": "^8.5.10" } }, "sha512-wu/NTSjnp8sX5TnEHVPN+eScjAtRs18ELtEduG+Ek3GxjeUDUT+VAA3PJjVIXBcVIk6fiLYFj2iKH0q99S3T2Q=="],

    "postcss-normalize-positions": ["postcss-normalize-positions@7.0.3", "", { "dependencies": { "postcss-value-parser": "^4.2.0" }, "peerDependencies": { "postcss": "^8.5.10" } }, "sha512-1CJI++oA3yK/fQlPUcEngUfcSWS08Pkt9fK+jVgL53mmtHDBHi0YiuB0m3D9BXwZjmfvCc2GQmFqCAF/CVcPzQ=="],

    "postcss-normalize-repeat-style": ["postcss-normalize-repeat-style@7.0.3", "", { "dependencies": { "postcss-value-parser": "^4.2.0" }, "peerDependencies": { "postcss": "^8.5.10" } }, "sha512-RvImJ2Ml4LZSx31qC2C8LDiz65IgBNATtwEr9r3Aue+D0cCGbj4rjNojb/uGpEm4QxnOTzFqMvaDYuKiT1Cmpg=="],

    "postcss-normalize-string": ["postcss-normalize-string@7.0.2", "", { "dependencies": { "postcss-value-parser": "^4.2.0" }, "peerDependencies": { "postcss": "^8.5.10" } }, "sha512-FqtrUh2BU2MnVeLeWBbJ2rwOjuDnA91XvoImc1BbgMWIxdxiPTaquflBHsmFBA3xh3pC3wPZO9W5MaIc7wU/Xw=="],

    "postcss-normalize-timing-functions": ["postcss-normalize-timing-functions@7.0.2", "", { "dependencies": { "postcss-value-parser": "^4.2.0" }, "peerDependencies": { "postcss": "^8.5.10" } }, "sha512-5H5fpXBnMACEXzn7k9RP7qWZ1eWg8cuZkUuFygStY7icOj+UucwMWXeMmdkF/iITvTVa7fP85tdRCJeznpdFfQ=="],

    "postcss-normalize-unicode": ["postcss-normalize-unicode@7.0.8", "", { "dependencies": { "browserslist": "^4.28.2", "postcss-value-parser": "^4.2.0" }, "peerDependencies": { "postcss": "^8.5.10" } }, "sha512-imCM3cwK3hvlAG4z1AzYM24m8BPA3/Jk/S71wfbn2I6+E2b+UwFaGvlNqydihXTSl3OFPeQXztqCzg+NGeSibQ=="],

    "postcss-normalize-url": ["postcss-normalize-url@7.0.2", "", { "dependencies": { "postcss-value-parser": "^4.2.0" }, "peerDependencies": { "postcss": "^8.5.10" } }, "sha512-bLnNY7t76NLRb9QQyCVmCN4qwoHxiq6vABH/CXav9wTuR6dNGHGQ72AyO/+h2quWxZk3l7BqxNL1vtDi9H6y1g=="],

    "postcss-normalize-whitespace": ["postcss-normalize-whitespace@7.0.2", "", { "dependencies": { "postcss-value-parser": "^4.2.0" }, "peerDependencies": { "postcss": "^8.5.10" } }, "sha512-TNSVkuhkeOhl36WruQlflxOb7HweoeZowSusNpfsM1+ZvqJ24Mc+xksu05ecMQxlu+0zgI8pyznO2EWqDCQbLA=="],

    "postcss-ordered-values": ["postcss-ordered-values@7.0.3", "", { "dependencies": { "cssnano-utils": "^5.0.2", "postcss-value-parser": "^4.2.0" }, "peerDependencies": { "postcss": "^8.5.10" } }, "sha512-FTt6R9RF7NAYfpOHa2XFPm89FVuo5GiIbcfwOXFy1MYF38BeiNW9ke8ybw9Pk62eEsUlRVVbxHWA3B7ERYqOOA=="],

    "postcss-reduce-initial": ["postcss-reduce-initial@7.0.8", "", { "dependencies": { "browserslist": "^4.28.2", "caniuse-api": "^3.0.0" }, "peerDependencies": { "postcss": "^8.5.10" } }, "sha512-VeVRmbgpgTZuRcDQdqnsB4iYTeS2dBRV07UdwK6V3x61F1xTQ2pgIzHBIR4rQYRlXRNKBTGYYhEL1eNA7w9vaQ=="],

    "postcss-reduce-transforms": ["postcss-reduce-transforms@7.0.2", "", { "dependencies": { "postcss-value-parser": "^4.2.0" }, "peerDependencies": { "postcss": "^8.5.10" } }, "sha512-OV5P9hMnf7kEkeXVXyS5ESqxbIls7a3TqFymUAV5JICO/9YCBEU+QQhQjZiDHaLwFdV7/CL481kVeBUk5FdY3w=="],

    "postcss-selector-parser": ["postcss-selector-parser@7.1.1", "", { "dependencies": { "cssesc": "^3.0.0", "util-deprecate": "^1.0.2" } }, "sha512-orRsuYpJVw8LdAwqqLykBj9ecS5/cRHlI5+nvTo8LcCKmzDmqVORXtOIYEEQuL9D4BxtA1lm5isAqzQZCoQ6Eg=="],

    "postcss-svgo": ["postcss-svgo@7.1.2", "", { "dependencies": { "postcss-value-parser": "^4.2.0", "svgo": "^4.0.1" }, "peerDependencies": { "postcss": "^8.5.10" } }, "sha512-ixExc8m+/68yuSYQzV/1DgtTup/7nI2dN9eiDS5GMRUzeCH4q9UcqeZPwcSVhdf8ay9fRwXDUHwcY5/XzQSszQ=="],

    "postcss-unique-selectors": ["postcss-unique-selectors@7.0.6", "", { "dependencies": { "postcss-selector-parser": "^7.1.1" }, "peerDependencies": { "postcss": "^8.5.10" } }, "sha512-cDxnYw1QuBMW5w3svZ0BlYF0IA4Amr+1JoTLXzu6vDFPNwohN2QU+sPZNx15b930LR7ce+/600h28/cYoxO9vw=="],

    "postcss-value-parser": ["postcss-value-parser@4.2.0", "", {}, "sha512-1NNCs6uurfkVbeXG4S8JFT9t19m45ICnif8zWLd5oPSZ50QnwMfK+H3jv408d4jw/7Bttv5axS5IiHoLaVNHeQ=="],

    "sax": ["sax@1.6.0", "", {}, "sha512-6R3J5M4AcbtLUdZmRv2SygeVaM7IhrLXu9BmnOGmmACak8fiUtOsYNWUS4uK7upbmHIBbLBeFeI//477BKLBzA=="],

    "source-map-js": ["source-map-js@1.2.1", "", {}, "sha512-UXWMKhLOwVKb728IUtQPXxfYU+usdybtUrK/8uGE8CQMvrhOpwvzDBwj0QhSL7MQc7vIsISBG8VQ8+IDQxpfQA=="],

    "stylehacks": ["stylehacks@7.0.10", "", { "dependencies": { "browserslist": "^4.28.2", "postcss-selector-parser": "^7.1.1" }, "peerDependencies": { "postcss": "^8.5.10" } }, "sha512-sRJ7klmhe/Fl5woJcbJUa2qP1Ueffsl1CQI4ePvqXLkZmcIuAt09aP9uT/FOFPqXh9Rh8M5UkgEnwTdTKn/Aag=="],

    "svgo": ["svgo@4.0.1", "", { "dependencies": { "commander": "^11.1.0", "css-select": "^5.1.0", "css-tree": "^3.0.1", "css-what": "^6.1.0", "csso": "^5.0.5", "picocolors": "^1.1.1", "sax": "^1.5.0" }, "bin": "./bin/svgo.js" }, "sha512-XDpWUOPC6FEibaLzjfe0ucaV0YrOjYotGJO1WpF0Zd+n6ZGEQUsSugaoLq9QkEZtAfQIxT42UChcssDVPP3+/w=="],

    "update-browserslist-db": ["update-browserslist-db@1.2.3", "", { "dependencies": { "escalade": "^3.2.0", "picocolors": "^1.1.1" }, "peerDependencies": { "browserslist": ">= 4.21.0" }, "bin": { "update-browserslist-db": "cli.js" } }, "sha512-Js0m9cx+qOgDxo0eMiFGEueWztz+d4+M3rGlmKPT+T4IS/jP4ylw3Nwpu6cpTTP8R1MAC1kF4VbdLt3ARf209w=="],

    "util-deprecate": ["util-deprecate@1.0.2", "", {}, "sha512-EPD5q1uXyFxJpCrLnCc1nHnq3gOa6DZBocAIiI2TaSCA7VCJ1UJDMagCzIkXNsUYfD1daK//LTEQ8xiIbrHtcw=="],

    "caniuse-api/browserslist": ["browserslist@4.28.1", "", { "dependencies": { "baseline-browser-mapping": "^2.9.0", "caniuse-lite": "^1.0.30001759", "electron-to-chromium": "^1.5.263", "node-releases": "^2.0.27", "update-browserslist-db": "^1.2.0" }, "bin": { "browserslist": "cli.js" } }, "sha512-ZC5Bd0LgJXgwGqUknZY/vkUQ04r8NXnJZ3yYi4vDmSiZmC/pdSN0NbNRPxZpbtO4uAfDUAFffO8IZoM3Gj8IkA=="],

    "caniuse-api/caniuse-lite": ["caniuse-lite@1.0.30001770", "", {}, "sha512-x/2CLQ1jHENRbHg5PSId2sXq1CIO1CISvwWAj027ltMVG2UNgW+w9oH2+HzgEIRFembL8bUlXtfbBHR1fCg2xw=="],

    "csso/css-tree": ["css-tree@2.2.1", "", { "dependencies": { "mdn-data": "2.0.28", "source-map-js": "^1.0.1" } }, "sha512-OA0mILzGc1kCOCSJerOeqDxDQ4HOh+G8NbOJFOTgOCzpw7fCBubk0fEyxp8AgOL/jvLgYA/uV0cMbe43ElF1JA=="],

    "caniuse-api/browserslist/baseline-browser-mapping": ["baseline-browser-mapping@2.10.0", "", { "bin": { "baseline-browser-mapping": "dist/cli.cjs" } }, "sha512-lIyg0szRfYbiy67j9KN8IyeD7q7hcmqnJ1ddWmNt19ItGpNN64mnllmxUNFIOdOm6by97jlL6wfpTTJrmnjWAA=="],

    "caniuse-api/browserslist/electron-to-chromium": ["electron-to-chromium@1.5.302", "", {}, "sha512-sM6HAN2LyK82IyPBpznDRqlTQAtuSaO+ShzFiWTvoMJLHyZ+Y39r8VMfHzwbU8MVBzQ4Wdn85+wlZl2TLGIlwg=="],

    "caniuse-api/browserslist/node-releases": ["node-releases@2.0.27", "", {}, "sha512-nmh3lCkYZ3grZvqcCH+fjmQ7X+H0OeZgP40OierEaAptX4XofMh5kwNbWh7lBduUzCcV/8kZ+NDLCwm2iorIlA=="],

    "csso/css-tree/mdn-data": ["mdn-data@2.0.28", "", {}, "sha512-aylIc7Z9y4yzHYAJNuESG3hfhC+0Ibp/MAMiaOZgNv4pmEdFyfZhhhny4MNiAfWdBQ1RQ2mfDWmM1x8SvGyp8g=="],
  }
}
